
Microsoft Visual Studio Solution File, Format Version 12.00
# Visual Studio 15
VisualStudioVersion = 15.0.28010.2026
MinimumVisualStudioVersion = 10.0.40219.1
Project("{FAE04EC0-301F-11D3-BF4B-00C04F79EFBC}") = "GoogleAuth.Android", "GoogleAuth\GoogleAuth.Android\GoogleAuth.Android.csproj", "{01A3BD98-112E-451B-A6DD-E013B6A0387F}"
EndProject
Project("{FAE04EC0-301F-11D3-BF4B-00C04F79EFBC}") = "GoogleAuth.iOS", "GoogleAuth\GoogleAuth.iOS\GoogleAuth.iOS.csproj", "{639B9BEF-146E-4671-A135-BCAD1C7EB82A}"
EndProject
Project("{FAE04EC0-301F-11D3-BF4B-00C04F79EFBC}") = "GoogleAuth", "GoogleAuth\GoogleAuth\GoogleAuth.csproj", "{8AC1A5AE-7567-4BDC-A28F-8EAF928BE36F}"
EndProject
Global
	GlobalSection(SolutionConfigurationPlatforms) = preSolution
		Ad-Hoc|Any CPU = Ad-Hoc|Any CPU
		Ad-Hoc|iPhone = Ad-Hoc|iPhone
		Ad-Hoc|iPhoneSimulator = Ad-Hoc|iPhoneSimulator
		AppStore|Any CPU = AppStore|Any CPU
		AppStore|iPhone = AppStore|iPhone
		AppStore|iPhoneSimulator = AppStore|iPhoneSimulator
		Debug|Any CPU = Debug|Any CPU
		Debug|iPhone = Debug|iPhone
		Debug|iPhoneSimulator = Debug|iPhoneSimulator
		Release|Any CPU = Release|Any CPU
		Release|iPhone = Release|iPhone
		Release|iPhoneSimulator = Release|iPhoneSimulator
	EndGlobalSection
	GlobalSection(ProjectConfigurationPlatforms) = postSolution
		{01A3BD98-112E-451B-A6DD-E013B6A0387F}.Ad-Hoc|Any CPU.ActiveCfg = Release|Any CPU
		{01A3BD98-112E-451B-A6DD-E013B6A0387F}.Ad-Hoc|Any CPU.Build.0 = Release|Any CPU
		{01A3BD98-112E-451B-A6DD-E013B6A0387F}.Ad-Hoc|Any CPU.Deploy.0 = Release|Any CPU
		{01A3BD98-112E-451B-A6DD-E013B6A0387F}.Ad-Hoc|iPhone.ActiveCfg = Release|Any CPU
		{01A3BD98-112E-451B-A6DD-E013B6A0387F}.Ad-Hoc|iPhone.Build.0 = Release|Any CPU
		{01A3BD98-112E-451B-A6DD-E013B6A0387F}.Ad-Hoc|iPhone.Deploy.0 = Release|Any CPU
		{01A3BD98-112E-451B-A6DD-E013B6A0387F}.Ad-Hoc|iPhoneSimulator.ActiveCfg = Release|Any CPU
		{01A3BD98-112E-451B-A6DD-E013B6A0387F}.Ad-Hoc|iPhoneSimulator.Build.0 = Release|Any CPU
		{01A3BD98-112E-451B-A6DD-E013B6A0387F}.Ad-Hoc|iPhoneSimulator.Deploy.0 = Release|Any CPU
		{01A3BD98-112E-451B-A6DD-E013B6A0387F}.AppStore|Any CPU.ActiveCfg = Release|Any CPU
		{01A3BD98-112E-451B-A6DD-E013B6A0387F}.AppStore|Any CPU.Build.0 = Release|Any CPU
		{01A3BD98-112E-451B-A6DD-E013B6A0387F}.AppStore|Any CPU.Deploy.0 = Release|Any CPU
		{01A3BD98-112E-451B-A6DD-E013B6A0387F}.AppStore|iPhone.ActiveCfg = Release|Any CPU
		{01A3BD98-112E-451B-A6DD-E013B6A0387F}.AppStore|iPhone.Build.0 = Release|Any CPU
		{01A3BD98-112E-451B-A6DD-E013B6A0387F}.AppStore|iPhone.Deploy.0 = Release|Any CPU
		{01A3BD98-112E-451B-A6DD-E013B6A0387F}.AppStore|iPhoneSimulator.ActiveCfg = Release|Any CPU
		{01A3BD98-112E-451B-A6DD-E013B6A0387F}.AppStore|iPhoneSimulator.Build.0 = Release|Any CPU
		{01A3BD98-112E-451B-A6DD-E013B6A0387F}.AppStore|iPhoneSimulator.Deploy.0 = Release|Any CPU
		{01A3BD98-112E-451B-A6DD-E013B6A0387F}.Debug|Any CPU.ActiveCfg = Debug|Any CPU
		{01A3BD98-112E-451B-A6DD-E013B6A0387F}.Debug|Any CPU.Build.0 = Debug|Any CPU
		{01A3BD98-112E-451B-A6DD-E013B6A0387F}.Debug|Any CPU.Deploy.0 = Debug|Any CPU
		{01A3BD98-112E-451B-A6DD-E013B6A0387F}.Debug|iPhone.ActiveCfg = Debug|Any CPU
		{01A3BD98-112E-451B-A6DD-E013B6A0387F}.Debug|iPhone.Build.0 = Debug|Any CPU
		{01A3BD98-112E-451B-A6DD-E013B6A0387F}.Debug|iPhone.Deploy.0 = Debug|Any CPU
		{01A3BD98-112E-451B-A6DD-E013B6A0387F}.Debug|iPhoneSimulator.ActiveCfg = Debug|Any CPU
		{01A3BD98-112E-451B-A6DD-E013B6A0387F}.Debug|iPhoneSimulator.Build.0 = Debug|Any CPU
		{01A3BD98-112E-451B-A6DD-E013B6A0387F}.Debug|iPhoneSimulator.Deploy.0 = Debug|Any CPU
		{01A3BD98-112E-451B-A6DD-E013B6A0387F}.Release|Any CPU.ActiveCfg = Release|Any CPU
		{01A3BD98-112E-451B-A6DD-E013B6A0387F}.Release|Any CPU.Build.0 = Release|Any CPU
		{01A3BD98-112E-451B-A6DD-E013B6A0387F}.Release|Any CPU.Deploy.0 = Release|Any CPU
		{01A3BD98-112E-451B-A6DD-E013B6A0387F}.Release|iPhone.ActiveCfg = Release|Any CPU
		{01A3BD98-112E-451B-A6DD-E013B6A0387F}.Release|iPhone.Build.0 = Release|Any CPU
		{01A3BD98-112E-451B-A6DD-E013B6A0387F}.Release|iPhone.Deploy.0 = Release|Any CPU
		{01A3BD98-112E-451B-A6DD-E013B6A0387F}.Release|iPhoneSimulator.ActiveCfg = Release|Any CPU
		{01A3BD98-112E-451B-A6DD-E013B6A0387F}.Release|iPhoneSimulator.Build.0 = Release|Any CPU
		{01A3BD98-112E-451B-A6DD-E013B6A0387F}.Release|iPhoneSimulator.Deploy.0 = Release|Any CPU
		{639B9BEF-146E-4671-A135-BCAD1C7EB82A}.Ad-Hoc|Any CPU.ActiveCfg = Ad-Hoc|iPhone
		{639B9BEF-146E-4671-A135-BCAD1C7EB82A}.Ad-Hoc|Any CPU.Build.0 = Ad-Hoc|iPhone
		{639B9BEF-146E-4671-A135-BCAD1C7EB82A}.Ad-Hoc|Any CPU.Deploy.0 = Ad-Hoc|iPhone
		{639B9BEF-146E-4671-A135-BCAD1C7EB82A}.Ad-Hoc|iPhone.ActiveCfg = Ad-Hoc|iPhone
		{639B9BEF-146E-4671-A135-BCAD1C7EB82A}.Ad-Hoc|iPhone.Build.0 = Ad-Hoc|iPhone
		{639B9BEF-146E-4671-A135-BCAD1C7EB82A}.Ad-Hoc|iPhone.Deploy.0 = Ad-Hoc|iPhone
		{639B9BEF-146E-4671-A135-BCAD1C7EB82A}.Ad-Hoc|iPhoneSimulator.ActiveCfg = Ad-Hoc|iPhoneSimulator
		{639B9BEF-146E-4671-A135-BCAD1C7EB82A}.Ad-Hoc|iPhoneSimulator.Build.0 = Ad-Hoc|iPhoneSimulator
		{639B9BEF-146E-4671-A135-BCAD1C7EB82A}.Ad-Hoc|iPhoneSimulator.Deploy.0 = Ad-Hoc|iPhoneSimulator
		{639B9BEF-146E-4671-A135-BCAD1C7EB82A}.AppStore|Any CPU.ActiveCfg = AppStore|iPhone
		{639B9BEF-146E-4671-A135-BCAD1C7EB82A}.AppStore|Any CPU.Build.0 = AppStore|iPhone
		{639B9BEF-146E-4671-A135-BCAD1C7EB82A}.AppStore|Any CPU.Deploy.0 = AppStore|iPhone
		{639B9BEF-146E-4671-A135-BCAD1C7EB82A}.AppStore|iPhone.ActiveCfg = AppStore|iPhone
		{639B9BEF-146E-4671-A135-BCAD1C7EB82A}.AppStore|iPhone.Build.0 = AppStore|iPhone
		{639B9BEF-146E-4671-A135-BCAD1C7EB82A}.AppStore|iPhone.Deploy.0 = AppStore|iPhone
		{639B9BEF-146E-4671-A135-BCAD1C7EB82A}.AppStore|iPhoneSimulator.ActiveCfg = AppStore|iPhoneSimulator
		{639B9BEF-146E-4671-A135-BCAD1C7EB82A}.AppStore|iPhoneSimulator.Build.0 = AppStore|iPhoneSimulator
		{639B9BEF-146E-4671-A135-BCAD1C7EB82A}.AppStore|iPhoneSimulator.Deploy.0 = AppStore|iPhoneSimulator
		{639B9BEF-146E-4671-A135-BCAD1C7EB82A}.Debug|Any CPU.ActiveCfg = Debug|iPhoneSimulator
		{639B9BEF-146E-4671-A135-BCAD1C7EB82A}.Debug|Any CPU.Build.0 = Debug|iPhoneSimulator
		{639B9BEF-146E-4671-A135-BCAD1C7EB82A}.Debug|Any CPU.Deploy.0 = Debug|iPhoneSimulator
		{639B9BEF-146E-4671-A135-BCAD1C7EB82A}.Debug|iPhone.ActiveCfg = Debug|iPhone
		{639B9BEF-146E-4671-A135-BCAD1C7EB82A}.Debug|iPhone.Build.0 = Debug|iPhone
		{639B9BEF-146E-4671-A135-BCAD1C7EB82A}.Debug|iPhone.Deploy.0 = Debug|iPhone
		{639B9BEF-146E-4671-A135-BCAD1C7EB82A}.Debug|iPhoneSimulator.ActiveCfg = Debug|iPhoneSimulator
		{639B9BEF-146E-4671-A135-BCAD1C7EB82A}.Debug|iPhoneSimulator.Build.0 = Debug|iPhoneSimulator
		{639B9BEF-146E-4671-A135-BCAD1C7EB82A}.Debug|iPhoneSimulator.Deploy.0 = Debug|iPhoneSimulator
		{639B9BEF-146E-4671-A135-BCAD1C7EB82A}.Release|Any CPU.ActiveCfg = Release|iPhone
		{639B9BEF-146E-4671-A135-BCAD1C7EB82A}.Release|Any CPU.Build.0 = Release|iPhone
		{639B9BEF-146E-4671-A135-BCAD1C7EB82A}.Release|Any CPU.Deploy.0 = Release|iPhone
		{639B9BEF-146E-4671-A135-BCAD1C7EB82A}.Release|iPhone.ActiveCfg = Release|iPhone
		{639B9BEF-146E-4671-A135-BCAD1C7EB82A}.Release|iPhone.Build.0 = Release|iPhone
		{639B9BEF-146E-4671-A135-BCAD1C7EB82A}.Release|iPhone.Deploy.0 = Release|iPhone
		{639B9BEF-146E-4671-A135-BCAD1C7EB82A}.Release|iPhoneSimulator.ActiveCfg = Release|iPhoneSimulator
		{639B9BEF-146E-4671-A135-BCAD1C7EB82A}.Release|iPhoneSimulator.Build.0 = Release|iPhoneSimulator
		{639B9BEF-146E-4671-A135-BCAD1C7EB82A}.Release|iPhoneSimulator.Deploy.0 = Release|iPhoneSimulator
		{8AC1A5AE-7567-4BDC-A28F-8EAF928BE36F}.Ad-Hoc|Any CPU.ActiveCfg = Debug|Any CPU
		{8AC1A5AE-7567-4BDC-A28F-8EAF928BE36F}.Ad-Hoc|Any CPU.Build.0 = Debug|Any CPU
		{8AC1A5AE-7567-4BDC-A28F-8EAF928BE36F}.Ad-Hoc|Any CPU.Deploy.0 = Debug|Any CPU
		{8AC1A5AE-7567-4BDC-A28F-8EAF928BE36F}.Ad-Hoc|iPhone.ActiveCfg = Debug|Any CPU
		{8AC1A5AE-7567-4BDC-A28F-8EAF928BE36F}.Ad-Hoc|iPhone.Build.0 = Debug|Any CPU
		{8AC1A5AE-7567-4BDC-A28F-8EAF928BE36F}.Ad-Hoc|iPhone.Deploy.0 = Debug|Any CPU
		{8AC1A5AE-7567-4BDC-A28F-8EAF928BE36F}.Ad-Hoc|iPhoneSimulator.ActiveCfg = Debug|Any CPU
		{8AC1A5AE-7567-4BDC-A28F-8EAF928BE36F}.Ad-Hoc|iPhoneSimulator.Build.0 = Debug|Any CPU
		{8AC1A5AE-7567-4BDC-A28F-8EAF928BE36F}.Ad-Hoc|iPhoneSimulator.Deploy.0 = Debug|Any CPU
		{8AC1A5AE-7567-4BDC-A28F-8EAF928BE36F}.AppStore|Any CPU.ActiveCfg = Debug|Any CPU
		{8AC1A5AE-7567-4BDC-A28F-8EAF928BE36F}.AppStore|Any CPU.Build.0 = Debug|Any CPU
		{8AC1A5AE-7567-4BDC-A28F-8EAF928BE36F}.AppStore|Any CPU.Deploy.0 = Debug|Any CPU
		{8AC1A5AE-7567-4BDC-A28F-8EAF928BE36F}.AppStore|iPhone.ActiveCfg = Debug|Any CPU
		{8AC1A5AE-7567-4BDC-A28F-8EAF928BE36F}.AppStore|iPhone.Build.0 = Debug|Any CPU
		{8AC1A5AE-7567-4BDC-A28F-8EAF928BE36F}.AppStore|iPhone.Deploy.0 = Debug|Any CPU
		{8AC1A5AE-7567-4BDC-A28F-8EAF928BE36F}.AppStore|iPhoneSimulator.ActiveCfg = Debug|Any CPU
		{8AC1A5AE-7567-4BDC-A28F-8EAF928BE36F}.AppStore|iPhoneSimulator.Build.0 = Debug|Any CPU
		{8AC1A5AE-7567-4BDC-A28F-8EAF928BE36F}.AppStore|iPhoneSimulator.Deploy.0 = Debug|Any CPU
		{8AC1A5AE-7567-4BDC-A28F-8EAF928BE36F}.Debug|Any CPU.ActiveCfg = Debug|Any CPU
		{8AC1A5AE-7567-4BDC-A28F-8EAF928BE36F}.Debug|Any CPU.Build.0 = Debug|Any CPU
		{8AC1A5AE-7567-4BDC-A28F-8EAF928BE36F}.Debug|Any CPU.Deploy.0 = Debug|Any CPU
		{8AC1A5AE-7567-4BDC-A28F-8EAF928BE36F}.Debug|iPhone.ActiveCfg = Debug|Any CPU
		{8AC1A5AE-7567-4BDC-A28F-8EAF928BE36F}.Debug|iPhone.Build.0 = Debug|Any CPU
		{8AC1A5AE-7567-4BDC-A28F-8EAF928BE36F}.Debug|iPhone.Deploy.0 = Debug|Any CPU
		{8AC1A5AE-7567-4BDC-A28F-8EAF928BE36F}.Debug|iPhoneSimulator.ActiveCfg = Debug|Any CPU
		{8AC1A5AE-7567-4BDC-A28F-8EAF928BE36F}.Debug|iPhoneSimulator.Build.0 = Debug|Any CPU
		{8AC1A5AE-7567-4BDC-A28F-8EAF928BE36F}.Debug|iPhoneSimulator.Deploy.0 = Debug|Any CPU
		{8AC1A5AE-7567-4BDC-A28F-8EAF928BE36F}.Release|Any CPU.ActiveCfg = Release|Any CPU
		{8AC1A5AE-7567-4BDC-A28F-8EAF928BE36F}.Release|Any CPU.Build.0 = Release|Any CPU
		{8AC1A5AE-7567-4BDC-A28F-8EAF928BE36F}.Release|Any CPU.Deploy.0 = Release|Any CPU
		{8AC1A5AE-7567-4BDC-A28F-8EAF928BE36F}.Release|iPhone.ActiveCfg = Release|Any CPU
		{8AC1A5AE-7567-4BDC-A28F-8EAF928BE36F}.Release|iPhone.Build.0 = Release|Any CPU
		{8AC1A5AE-7567-4BDC-A28F-8EAF928BE36F}.Release|iPhone.Deploy.0 = Release|Any CPU
		{8AC1A5AE-7567-4BDC-A28F-8EAF928BE36F}.Release|iPhoneSimulator.ActiveCfg = Release|Any CPU
		{8AC1A5AE-7567-4BDC-A28F-8EAF928BE36F}.Release|iPhoneSimulator.Build.0 = Release|Any CPU
		{8AC1A5AE-7567-4BDC-A28F-8EAF928BE36F}.Release|iPhoneSimulator.Deploy.0 = Release|Any CPU
	EndGlobalSection
	GlobalSection(SolutionProperties) = preSolution
		HideSolutionNode = FALSE
	EndGlobalSection
	GlobalSection(ExtensibilityGlobals) = postSolution
		SolutionGuid = {A3A68D97-FAAF-4A72-883A-194C62C065AD}
	EndGlobalSection
EndGlobal
